github.com/AllenDang/w32 v0.0.0-20180428130237-ad0a36d80adc h1:w3fW4b1hPf6/cfdQQ/vu9V8eBeQmuLZIaUMj81nIzYQ=
github.com/AllenDang/w32 v0.0.0-20180428130237-ad0a36d80adc/go.mod h1:1rHKulT5eD2DzdKxDXUZRKtBfkTzLmTL42ZmEmOfyrs=
github.com/BurntSushi/xgb v0.0.0-20210121224620-deaf085860bc h1:7D+Bh06CRPCJO3gr2F7h1sriovOZ8BMhca2Rg85c2nk=
github.com/BurntSushi/xgb v0.0.0-20210121224620-deaf085860bc/go.mod h1:IVnqGOEym/WlBOVXweHU+Q+/VP0lqqI8lqeDx9IjBqo=
github.com/pato/screenshot v0.0.0-20141218223925-e4c35dbf1fed h1:vGBo++eaExFTm/F2vkYz9DsKm88+ad0VSkYSUihtygc=
github.com/pato/screenshot v0.0.0-20141218223925-e4c35dbf1fed/go.mod h1:I9XoxN22I7RVt+DhMysMle/+4mRncAEXb7ug2aWovIs=
